
Microsoft Visual Studio Solution File, Format Version 12.00
# Visual Studio 15
VisualStudioVersion = 15.0.28307.421
MinimumVisualStudioVersion = 10.0.40219.1
Project("{FAE04EC0-301F-11D3-BF4B-00C04F79EFBC}") = "MyConsoleApp", "MyConsoleApp\MyConsoleApp.csproj", "{B866E314-53B5-43AB-B30B-1CBE44403FAB}"
EndProject
Global
	GlobalSection(SolutionConfigurationPlatforms) = preSolution
		Debug|Any CPU = Debug|Any CPU
		Release|Any CPU = Release|Any CPU
	EndGlobalSection
	GlobalSection(ProjectConfigurationPlatforms) = postSolution
		{B866E314-53B5-43AB-B30B-1CBE44403FAB}.Debug|Any CPU.ActiveCfg = Debug|Any CPU
		{B866E314-53B5-43AB-B30B-1CBE44403FAB}.Debug|Any CPU.Build.0 = Debug|Any CPU
		{B866E314-53B5-43AB-B30B-1CBE44403FAB}.Release|Any CPU.ActiveCfg = Release|Any CPU
		{B866E314-53B5-43AB-B30B-1CBE44403FAB}.Release|Any CPU.Build.0 = Release|Any CPU
	EndGlobalSection
	GlobalSection(SolutionProperties) = preSolution
		HideSolutionNode = FALSE
	EndGlobalSection
	GlobalSection(ExtensibilityGlobals) = postSolution
		SolutionGuid = {856CCD4A-AF03-4C52-81B8-0AC168A47D21}
	EndGlobalSection
EndGlobal
